# Generated by pub
# See http://pub.dartlang.org/doc/glossary.html#lockfile
packages:
  browser:
    description: browser
    source: hosted
    version: "0.5.11+1"
  vector_math:
    description:
      ref: null
      resolved-ref: ada59d9be31459bf3ef7cc0c718ccd92a668f070
      url: "https://github.com/johnmccutchan/vector_math.git"
    source: git
    version: "1.3.0"
